
Microsoft Visual Studio Solution File, Format Version 12.00
# Visual Studio Version 16
VisualStudioVersion = 16.0.30611.23
MinimumVisualStudioVersion = 10.0.40219.1
Project("{FAE04EC0-301F-11D3-BF4B-00C04F79EFBC}") = "CourseWork_Vector", "CourseWork_Vector\CourseWork_Vector.csproj", "{78B34C5A-69A1-44EF-80FF-4EBC5305F05C}"
EndProject
Global
	GlobalSection(SolutionConfigurationPlatforms) = preSolution
		Debug|Any CPU = Debug|Any CPU
		Release|Any CPU = Release|Any CPU
	EndGlobalSection
	GlobalSection(ProjectConfigurationPlatforms) = postSolution
		{78B34C5A-69A1-44EF-80FF-4EBC5305F05C}.Debug|Any CPU.ActiveCfg = Debug|Any CPU
		{78B34C5A-69A1-44EF-80FF-4EBC5305F05C}.Debug|Any CPU.Build.0 = Debug|Any CPU
		{78B34C5A-69A1-44EF-80FF-4EBC5305F05C}.Release|Any CPU.ActiveCfg = Release|Any CPU
		{78B34C5A-69A1-44EF-80FF-4EBC5305F05C}.Release|Any CPU.Build.0 = Release|Any CPU
	EndGlobalSection
	GlobalSection(SolutionProperties) = preSolution
		HideSolutionNode = FALSE
	EndGlobalSection
	GlobalSection(ExtensibilityGlobals) = postSolution
		SolutionGuid = {7B5A06B7-D2C4-415A-957D-70170259B7B8}
	EndGlobalSection
EndGlobal
